
Microsoft Visual Studio Solution File, Format Version 12.00
# Visual Studio Version 17
VisualStudioVersion = 17.7.34009.444
MinimumVisualStudioVersion = 10.0.40219.1
Project("{9A19103F-16F7-4668-BE54-9A1E7A4F7556}") = "EFGetStarted", "EFGetStarted\EFGetStarted.csproj", "{FB2D9807-876F-4AB6-8946-E0EF24696878}"
EndProject
Global
	GlobalSection(SolutionConfigurationPlatforms) = preSolution
		Debug|Any CPU = Debug|Any CPU
		Release|Any CPU = Release|Any CPU
	EndGlobalSection
	GlobalSection(ProjectConfigurationPlatforms) = postSolution
		{FB2D9807-876F-4AB6-8946-E0EF24696878}.Debug|Any CPU.ActiveCfg = Debug|Any CPU
		{FB2D9807-876F-4AB6-8946-E0EF24696878}.Debug|Any CPU.Build.0 = Debug|Any CPU
		{FB2D9807-876F-4AB6-8946-E0EF24696878}.Release|Any CPU.ActiveCfg = Release|Any CPU
		{FB2D9807-876F-4AB6-8946-E0EF24696878}.Release|Any CPU.Build.0 = Release|Any CPU
	EndGlobalSection
	GlobalSection(SolutionProperties) = preSolution
		HideSolutionNode = FALSE
	EndGlobalSection
	GlobalSection(ExtensibilityGlobals) = postSolution
		SolutionGuid = {2C224395-4E9E-4828-A267-DFD3752392F8}
	EndGlobalSection
EndGlobal
